
Microsoft Visual Studio Solution File, Format Version 12.00
# Visual Studio 15
VisualStudioVersion = 15.0.28010.2019
MinimumVisualStudioVersion = 10.0.40219.1
Project("{8BC9CEB8-8B4A-11D0-8D11-00A0C91BC942}") = "Hackland.AccessControl.DoorController", "Hackland.AccessControl.DoorController\Hackland.AccessControl.DoorController.vcxproj", "{E8403712-4C63-4726-828E-F5825C99CA51}"
EndProject
Global
	GlobalSection(SolutionConfigurationPlatforms) = preSolution
		Debug|VisualGDB = Debug|VisualGDB
		Release|VisualGDB = Release|VisualGDB
	EndGlobalSection
	GlobalSection(ProjectConfigurationPlatforms) = postSolution
		{E8403712-4C63-4726-828E-F5825C99CA51}.Debug|VisualGDB.ActiveCfg = Debug|VisualGDB
		{E8403712-4C63-4726-828E-F5825C99CA51}.Debug|VisualGDB.Build.0 = Debug|VisualGDB
		{E8403712-4C63-4726-828E-F5825C99CA51}.Release|VisualGDB.ActiveCfg = Release|VisualGDB
		{E8403712-4C63-4726-828E-F5825C99CA51}.Release|VisualGDB.Build.0 = Release|VisualGDB
	EndGlobalSection
	GlobalSection(SolutionProperties) = preSolution
		HideSolutionNode = FALSE
	EndGlobalSection
	GlobalSection(ExtensibilityGlobals) = postSolution
		SolutionGuid = {793D6CAA-7384-4537-B3D5-6E5E83239E20}
	EndGlobalSection
EndGlobal
